// !$*UTF8*$!
{
	archiveVersion = 1;
	classes = {
	};
	objectVersion = 56;
	objects = {

/* Begin PBXBuildFile section */
		ADD9F17B2ACFE94A000AB0D8 /* NetworkManager.swift in Sources */ = {isa = PBXBuildFile; fileRef = ADD9F17A2ACFE94A000AB0D8 /* NetworkManager.swift */; };
		ADD9F1802AD068EA000AB0D8 /* WeatherCityCell.swift in Sources */ = {isa = PBXBuildFile; fileRef = ADD9F17F2AD068EA000AB0D8 /* WeatherCityCell.swift */; };
		ADD9F1822AD0844E000AB0D8 /* DetailWeatherViewController.swift in Sources */ = {isa = PBXBuildFile; fileRef = ADD9F1812AD0844E000AB0D8 /* DetailWeatherViewController.swift */; };
		ADD9F1852AD08481000AB0D8 /* DetailWeatherPresenter.swift in Sources */ = {isa = PBXBuildFile; fileRef = ADD9F1842AD08481000AB0D8 /* DetailWeatherPresenter.swift */; };
		ADD9F1872AD0848E000AB0D8 /* WeatherRouter.swift in Sources */ = {isa = PBXBuildFile; fileRef = ADD9F1862AD0848E000AB0D8 /* WeatherRouter.swift */; };
		ADD9F1892AD0849C000AB0D8 /* DetailWeatherInteractor.swift in Sources */ = {isa = PBXBuildFile; fileRef = ADD9F1882AD0849C000AB0D8 /* DetailWeatherInteractor.swift */; };
		ADD9F18B2AD084AB000AB0D8 /* DetailWeatherConfigurator.swift in Sources */ = {isa = PBXBuildFile; fileRef = ADD9F18A2AD084AB000AB0D8 /* DetailWeatherConfigurator.swift */; };
		ADF264BD2ACF0168003B50F6 /* AppDelegate.swift in Sources */ = {isa = PBXBuildFile; fileRef = ADF264BC2ACF0168003B50F6 /* AppDelegate.swift */; };
		ADF264BF2ACF0168003B50F6 /* SceneDelegate.swift in Sources */ = {isa = PBXBuildFile; fileRef = ADF264BE2ACF0168003B50F6 /* SceneDelegate.swift */; };
		ADF264C12ACF0168003B50F6 /* WeatherViewController.swift in Sources */ = {isa = PBXBuildFile; fileRef = ADF264C02ACF0168003B50F6 /* WeatherViewController.swift */; };
		ADF264C62ACF0169003B50F6 /* Assets.xcassets in Resources */ = {isa = PBXBuildFile; fileRef = ADF264C52ACF0169003B50F6 /* Assets.xcassets */; };
		ADF264C92ACF0169003B50F6 /* LaunchScreen.storyboard in Resources */ = {isa = PBXBuildFile; fileRef = ADF264C72ACF0169003B50F6 /* LaunchScreen.storyboard */; };
		ADF264D42ACF072A003B50F6 /* WeatherPresenter.swift in Sources */ = {isa = PBXBuildFile; fileRef = ADF264D32ACF072A003B50F6 /* WeatherPresenter.swift */; };
		ADF264D62ACF0735003B50F6 /* WeatherInteractor.swift in Sources */ = {isa = PBXBuildFile; fileRef = ADF264D52ACF0735003B50F6 /* WeatherInteractor.swift */; };
		ADF264D82ACF0741003B50F6 /* WeatherConfigurator.swift in Sources */ = {isa = PBXBuildFile; fileRef = ADF264D72ACF0741003B50F6 /* WeatherConfigurator.swift */; };
		ADF264DA2ACF10F5003B50F6 /* Weather.swift in Sources */ = {isa = PBXBuildFile; fileRef = ADF264D92ACF10F5003B50F6 /* Weather.swift */; };
/* End PBXBuildFile section */

/* Begin PBXFileReference section */
		ADD9F17A2ACFE94A000AB0D8 /* NetworkManager.swift */ = {isa = PBXFileReference; lastKnownFileType = sourcecode.swift; path = NetworkManager.swift; sourceTree = "<group>"; };
		ADD9F17F2AD068EA000AB0D8 /* WeatherCityCell.swift */ = {isa = PBXFileReference; lastKnownFileType = sourcecode.swift; path = WeatherCityCell.swift; sourceTree = "<group>"; };
		ADD9F1812AD0844E000AB0D8 /* DetailWeatherViewController.swift */ = {isa = PBXFileReference; lastKnownFileType = sourcecode.swift; path = DetailWeatherViewController.swift; sourceTree = "<group>"; };
		ADD9F1842AD08481000AB0D8 /* DetailWeatherPresenter.swift */ = {isa = PBXFileReference; lastKnownFileType = sourcecode.swift; path = DetailWeatherPresenter.swift; sourceTree = "<group>"; };
		ADD9F1862AD0848E000AB0D8 /* WeatherRouter.swift */ = {isa = PBXFileReference; lastKnownFileType = sourcecode.swift; path = WeatherRouter.swift; sourceTree = "<group>"; };
		ADD9F1882AD0849C000AB0D8 /* DetailWeatherInteractor.swift */ = {isa = PBXFileReference; lastKnownFileType = sourcecode.swift; path = DetailWeatherInteractor.swift; sourceTree = "<group>"; };
		ADD9F18A2AD084AB000AB0D8 /* DetailWeatherConfigurator.swift */ = {isa = PBXFileReference; lastKnownFileType = sourcecode.swift; path = DetailWeatherConfigurator.swift; sourceTree = "<group>"; };
		ADF264B92ACF0168003B50F6 /* WeatherApp.app */ = {isa = PBXFileReference; explicitFileType = wrapper.application; includeInIndex = 0; path = WeatherApp.app; sourceTree = BUILT_PRODUCTS_DIR; };
		ADF264BC2ACF0168003B50F6 /* AppDelegate.swift */ = {isa = PBXFileReference; lastKnownFileType = sourcecode.swift; path = AppDelegate.swift; sourceTree = "<group>"; };
		ADF264BE2ACF0168003B50F6 /* SceneDelegate.swift */ = {isa = PBXFileReference; lastKnownFileType = sourcecode.swift; path = SceneDelegate.swift; sourceTree = "<group>"; };
		ADF264C02ACF0168003B50F6 /* WeatherViewController.swift */ = {isa = PBXFileReference; lastKnownFileType = sourcecode.swift; path = WeatherViewController.swift; sourceTree = "<group>"; };
		ADF264C52ACF0169003B50F6 /* Assets.xcassets */ = {isa = PBXFileReference; lastKnownFileType = folder.assetcatalog; path = Assets.xcassets; sourceTree = "<group>"; };
		ADF264C82ACF0169003B50F6 /* Base */ = {isa = PBXFileReference; lastKnownFileType = file.storyboard; name = Base; path = Base.lproj/LaunchScreen.storyboard; sourceTree = "<group>"; };
		ADF264CA2ACF0169003B50F6 /* Info.plist */ = {isa = PBXFileReference; lastKnownFileType = text.plist.xml; path = Info.plist; sourceTree = "<group>"; };
		ADF264D32ACF072A003B50F6 /* WeatherPresenter.swift */ = {isa = PBXFileReference; lastKnownFileType = sourcecode.swift; path = WeatherPresenter.swift; sourceTree = "<group>"; };
		ADF264D52ACF0735003B50F6 /* WeatherInteractor.swift */ = {isa = PBXFileReference; lastKnownFileType = sourcecode.swift; path = WeatherInteractor.swift; sourceTree = "<group>"; };
		ADF264D72ACF0741003B50F6 /* WeatherConfigurator.swift */ = {isa = PBXFileReference; lastKnownFileType = sourcecode.swift; path = WeatherConfigurator.swift; sourceTree = "<group>"; };
		ADF264D92ACF10F5003B50F6 /* Weather.swift */ = {isa = PBXFileReference; lastKnownFileType = sourcecode.swift; path = Weather.swift; sourceTree = "<group>"; };
/* End PBXFileReference section */

/* Begin PBXFrameworksBuildPhase section */
		ADF264B62ACF0168003B50F6 /* Frameworks */ = {
			isa = PBXFrameworksBuildPhase;
			buildActionMask = 2147483647;
			files = (
			);
			runOnlyForDeploymentPostprocessing = 0;
		};
/* End PBXFrameworksBuildPhase section */

/* Begin PBXGroup section */
		ADD9F17C2ACFE957000AB0D8 /* NetworkManager */ = {
			isa = PBXGroup;
			children = (
				ADD9F17A2ACFE94A000AB0D8 /* NetworkManager.swift */,
			);
			path = NetworkManager;
			sourceTree = "<group>";
		};
		ADD9F1832AD08454000AB0D8 /* SecondModule */ = {
			isa = PBXGroup;
			children = (
				ADD9F1812AD0844E000AB0D8 /* DetailWeatherViewController.swift */,
				ADD9F1842AD08481000AB0D8 /* DetailWeatherPresenter.swift */,
				ADD9F1882AD0849C000AB0D8 /* DetailWeatherInteractor.swift */,
				ADD9F18A2AD084AB000AB0D8 /* DetailWeatherConfigurator.swift */,
			);
			path = SecondModule;
			sourceTree = "<group>";
		};
		ADD9F18C2AD084D9000AB0D8 /* CellModule */ = {
			isa = PBXGroup;
			children = (
				ADD9F17F2AD068EA000AB0D8 /* WeatherCityCell.swift */,
			);
			path = CellModule;
			sourceTree = "<group>";
		};
		ADF264B02ACF0168003B50F6 = {
			isa = PBXGroup;
			children = (
				ADF264BB2ACF0168003B50F6 /* WeatherApp */,
				ADF264BA2ACF0168003B50F6 /* Products */,
			);
			sourceTree = "<group>";
		};
		ADF264BA2ACF0168003B50F6 /* Products */ = {
			isa = PBXGroup;
			children = (
				ADF264B92ACF0168003B50F6 /* WeatherApp.app */,
			);
			name = Products;
			sourceTree = "<group>";
		};
		ADF264BB2ACF0168003B50F6 /* WeatherApp */ = {
			isa = PBXGroup;
			children = (
				ADD9F17C2ACFE957000AB0D8 /* NetworkManager */,
				ADF264D02ACF018A003B50F6 /* App */,
				ADF264D22ACF01A8003B50F6 /* FirstModule */,
				ADD9F1832AD08454000AB0D8 /* SecondModule */,
				ADF264DB2ACF1271003B50F6 /* Model */,
				ADF264D12ACF0196003B50F6 /* Resources */,
				ADF264C72ACF0169003B50F6 /* LaunchScreen.storyboard */,
			);
			path = WeatherApp;
			sourceTree = "<group>";
		};
		ADF264D02ACF018A003B50F6 /* App */ = {
			isa = PBXGroup;
			children = (
				ADF264BC2ACF0168003B50F6 /* AppDelegate.swift */,
				ADF264BE2ACF0168003B50F6 /* SceneDelegate.swift */,
				ADF264CA2ACF0169003B50F6 /* Info.plist */,
			);
			path = App;
			sourceTree = "<group>";
		};
		ADF264D12ACF0196003B50F6 /* Resources */ = {
			isa = PBXGroup;
			children = (
				ADF264C52ACF0169003B50F6 /* Assets.xcassets */,
			);
			path = Resources;
			sourceTree = "<group>";
		};
		ADF264D22ACF01A8003B50F6 /* FirstModule */ = {
			isa = PBXGroup;
			children = (
				ADF264C02ACF0168003B50F6 /* WeatherViewController.swift */,
				ADF264D32ACF072A003B50F6 /* WeatherPresenter.swift */,
				ADF264D52ACF0735003B50F6 /* WeatherInteractor.swift */,
				ADF264D72ACF0741003B50F6 /* WeatherConfigurator.swift */,
				ADD9F1862AD0848E000AB0D8 /* WeatherRouter.swift */,
				ADD9F18C2AD084D9000AB0D8 /* CellModule */,
			);
			path = FirstModule;
			sourceTree = "<group>";
		};
		ADF264DB2ACF1271003B50F6 /* Model */ = {
			isa = PBXGroup;
			children = (
				ADF264D92ACF10F5003B50F6 /* Weather.swift */,
			);
			path = Model;
			sourceTree = "<group>";
		};
/* End PBXGroup section */

/* Begin PBXNativeTarget section */
		ADF264B82ACF0168003B50F6 /* WeatherApp */ = {
			isa = PBXNativeTarget;
			buildConfigurationList = ADF264CD2ACF0169003B50F6 /* Build configuration list for PBXNativeTarget "WeatherApp" */;
			buildPhases = (
				ADF264B52ACF0168003B50F6 /* Sources */,
				ADF264B62ACF0168003B50F6 /* Frameworks */,
				ADF264B72ACF0168003B50F6 /* Resources */,
			);
			buildRules = (
			);
			dependencies = (
			);
			name = WeatherApp;
			productName = WeatherApp;
			productReference = ADF264B92ACF0168003B50F6 /* WeatherApp.app */;
			productType = "com.apple.product-type.application";
		};
/* End PBXNativeTarget section */

/* Begin PBXProject section */
		ADF264B12ACF0168003B50F6 /* Project object */ = {
			isa = PBXProject;
			attributes = {
				BuildIndependentTargetsInParallel = 1;
				LastSwiftUpdateCheck = 1500;
				LastUpgradeCheck = 1500;
				TargetAttributes = {
					ADF264B82ACF0168003B50F6 = {
						CreatedOnToolsVersion = 15.0;
					};
				};
			};
			buildConfigurationList = ADF264B42ACF0168003B50F6 /* Build configuration list for PBXProject "WeatherApp" */;
			compatibilityVersion = "Xcode 14.0";
			developmentRegion = en;
			hasScannedForEncodings = 0;
			knownRegions = (
				en,
				Base,
			);
			mainGroup = ADF264B02ACF0168003B50F6;
			productRefGroup = ADF264BA2ACF0168003B50F6 /* Products */;
			projectDirPath = "";
			projectRoot = "";
			targets = (
				ADF264B82ACF0168003B50F6 /* WeatherApp */,
			);
		};
/* End PBXProject section */

/* Begin PBXResourcesBuildPhase section */
		ADF264B72ACF0168003B50F6 /* Resources */ = {
			isa = PBXResourcesBuildPhase;
			buildActionMask = 2147483647;
			files = (
				ADF264C92ACF0169003B50F6 /* LaunchScreen.storyboard in Resources */,
				ADF264C62ACF0169003B50F6 /* Assets.xcassets in Resources */,
			);
			runOnlyForDeploymentPostprocessing = 0;
		};
/* End PBXResourcesBuildPhase section */

/* Begin PBXSourcesBuildPhase section */
		ADF264B52ACF0168003B50F6 /* Sources */ = {
			isa = PBXSourcesBuildPhase;
			buildActionMask = 2147483647;
			files = (
				ADF264C12ACF0168003B50F6 /* WeatherViewController.swift in Sources */,
				ADF264BD2ACF0168003B50F6 /* AppDelegate.swift in Sources */,
				ADD9F1852AD08481000AB0D8 /* DetailWeatherPresenter.swift in Sources */,
				ADF264BF2ACF0168003B50F6 /* SceneDelegate.swift in Sources */,
				ADD9F1802AD068EA000AB0D8 /* WeatherCityCell.swift in Sources */,
				ADD9F18B2AD084AB000AB0D8 /* DetailWeatherConfigurator.swift in Sources */,
				ADF264D62ACF0735003B50F6 /* WeatherInteractor.swift in Sources */,
				ADD9F1892AD0849C000AB0D8 /* DetailWeatherInteractor.swift in Sources */,
				ADD9F1822AD0844E000AB0D8 /* DetailWeatherViewController.swift in Sources */,
				ADD9F17B2ACFE94A000AB0D8 /* NetworkManager.swift in Sources */,
				ADF264D42ACF072A003B50F6 /* WeatherPresenter.swift in Sources */,
				ADF264D82ACF0741003B50F6 /* WeatherConfigurator.swift in Sources */,
				ADD9F1872AD0848E000AB0D8 /* WeatherRouter.swift in Sources */,
				ADF264DA2ACF10F5003B50F6 /* Weather.swift in Sources */,
			);
			runOnlyForDeploymentPostprocessing = 0;
		};
/* End PBXSourcesBuildPhase section */

/* Begin PBXVariantGroup section */
		ADF264C72ACF0169003B50F6 /* LaunchScreen.storyboard */ = {
			isa = PBXVariantGroup;
			children = (
				ADF264C82ACF0169003B50F6 /* Base */,
			);
			name = LaunchScreen.storyboard;
			sourceTree = "<group>";
		};
/* End PBXVariantGroup section */

/* Begin XCBuildConfiguration section */
		ADF264CB2ACF0169003B50F6 /* Debug */ = {
			isa = XCBuildConfiguration;
			buildSettings = {
				ALWAYS_SEARCH_USER_PATHS = NO;
				ASSETCATALOG_COMPILER_GENERATE_SWIFT_ASSET_SYMBOL_EXTENSIONS = YES;
				CLANG_ANALYZER_NONNULL = YES;
				CLANG_ANALYZER_NUMBER_OBJECT_CONVERSION = YES_AGGRESSIVE;
				CLANG_CXX_LANGUAGE_STANDARD = "gnu++20";
				CLANG_ENABLE_MODULES = YES;
				CLANG_ENABLE_OBJC_ARC = YES;
				CLANG_ENABLE_OBJC_WEAK = YES;
				CLANG_WARN_BLOCK_CAPTURE_AUTORELEASING = YES;
				CLANG_WARN_BOOL_CONVERSION = YES;
				CLANG_WARN_COMMA = YES;
				CLANG_WARN_CONSTANT_CONVERSION = YES;
				CLANG_WARN_DEPRECATED_OBJC_IMPLEMENTATIONS = YES;
				CLANG_WARN_DIRECT_OBJC_ISA_USAGE = YES_ERROR;
				CLANG_WARN_DOCUMENTATION_COMMENTS = YES;
				CLANG_WARN_EMPTY_BODY = YES;
				CLANG_WARN_ENUM_CONVERSION = YES;
				CLANG_WARN_INFINITE_RECURSION = YES;
				CLANG_WARN_INT_CONVERSION = YES;
				CLANG_WARN_NON_LITERAL_NULL_CONVERSION = YES;
				CLANG_WARN_OBJC_IMPLICIT_RETAIN_SELF = YES;
				CLANG_WARN_OBJC_LITERAL_CONVERSION = YES;
				CLANG_WARN_OBJC_ROOT_CLASS = YES_ERROR;
				CLANG_WARN_QUOTED_INCLUDE_IN_FRAMEWORK_HEADER = YES;
				CLANG_WARN_RANGE_LOOP_ANALYSIS = YES;
				CLANG_WARN_STRICT_PROTOTYPES = YES;
				CLANG_WARN_SUSPICIOUS_MOVE = YES;
				CLANG_WARN_UNGUARDED_AVAILABILITY = YES_AGGRESSIVE;
				CLANG_WARN_UNREACHABLE_CODE = YES;
				CLANG_WARN__DUPLICATE_METHOD_MATCH = YES;
				COPY_PHASE_STRIP = NO;
				DEBUG_INFORMATION_FORMAT = dwarf;
				ENABLE_STRICT_OBJC_MSGSEND = YES;
				ENABLE_TESTABILITY = YES;
				ENABLE_USER_SCRIPT_SANDBOXING = YES;
				GCC_C_LANGUAGE_STANDARD = gnu17;
				GCC_DYNAMIC_NO_PIC = NO;
				GCC_NO_COMMON_BLOCKS = YES;
				GCC_OPTIMIZATION_LEVEL = 0;
				GCC_PREPROCESSOR_DEFINITIONS = (
					"DEBUG=1",
					"$(inherited)",
				);
				GCC_WARN_64_TO_32_BIT_CONVERSION = YES;
				GCC_WARN_ABOUT_RETURN_TYPE = YES_ERROR;
				GCC_WARN_UNDECLARED_SELECTOR = YES;
				GCC_WARN_UNINITIALIZED_AUTOS = YES_AGGRESSIVE;
				GCC_WARN_UNUSED_FUNCTION = YES;
				GCC_WARN_UNUSED_VARIABLE = YES;
				IPHONEOS_DEPLOYMENT_TARGET = 17.0;
				LOCALIZATION_PREFERS_STRING_CATALOGS = YES;
				MTL_ENABLE_DEBUG_INFO = INCLUDE_SOURCE;
				MTL_FAST_MATH = YES;
				ONLY_ACTIVE_ARCH = YES;
				SDKROOT = iphoneos;
				SWIFT_ACTIVE_COMPILATION_CONDITIONS = "DEBUG $(inherited)";
				SWIFT_OPTIMIZATION_LEVEL = "-Onone";
			};
			name = Debug;
		};
		ADF264CC2ACF0169003B50F6 /* Release */ = {
			isa = XCBuildConfiguration;
			buildSettings = {
				ALWAYS_SEARCH_USER_PATHS = NO;
				ASSETCATALOG_COMPILER_GENERATE_SWIFT_ASSET_SYMBOL_EXTENSIONS = YES;
				CLANG_ANALYZER_NONNULL = YES;
				CLANG_ANALYZER_NUMBER_OBJECT_CONVERSION = YES_AGGRESSIVE;
				CLANG_CXX_LANGUAGE_STANDARD = "gnu++20";
				CLANG_ENABLE_MODULES = YES;
				CLANG_ENABLE_OBJC_ARC = YES;
				CLANG_ENABLE_OBJC_WEAK = YES;
				CLANG_WARN_BLOCK_CAPTURE_AUTORELEASING = YES;
				CLANG_WARN_BOOL_CONVERSION = YES;
				CLANG_WARN_COMMA = YES;
				CLANG_WARN_CONSTANT_CONVERSION = YES;
				CLANG_WARN_DEPRECATED_OBJC_IMPLEMENTATIONS = YES;
				CLANG_WARN_DIRECT_OBJC_ISA_USAGE = YES_ERROR;
				CLANG_WARN_DOCUMENTATION_COMMENTS = YES;
				CLANG_WARN_EMPTY_BODY = YES;
				CLANG_WARN_ENUM_CONVERSION = YES;
				CLANG_WARN_INFINITE_RECURSION = YES;
				CLANG_WARN_INT_CONVERSION = YES;
				CLANG_WARN_NON_LITERAL_NULL_CONVERSION = YES;
				CLANG_WARN_OBJC_IMPLICIT_RETAIN_SELF = YES;
				CLANG_WARN_OBJC_LITERAL_CONVERSION = YES;
				CLANG_WARN_OBJC_ROOT_CLASS = YES_ERROR;
				CLANG_WARN_QUOTED_INCLUDE_IN_FRAMEWORK_HEADER = YES;
				CLANG_WARN_RANGE_LOOP_ANALYSIS = YES;
				CLANG_WARN_STRICT_PROTOTYPES = YES;
				CLANG_WARN_SUSPICIOUS_MOVE = YES;
				CLANG_WARN_UNGUARDED_AVAILABILITY = YES_AGGRESSIVE;
				CLANG_WARN_UNREACHABLE_CODE = YES;
				CLANG_WARN__DUPLICATE_METHOD_MATCH = YES;
				COPY_PHASE_STRIP = NO;
				DEBUG_INFORMATION_FORMAT = "dwarf-with-dsym";
				ENABLE_NS_ASSERTIONS = NO;
				ENABLE_STRICT_OBJC_MSGSEND = YES;
				ENABLE_USER_SCRIPT_SANDBOXING = YES;
				GCC_C_LANGUAGE_STANDARD = gnu17;
				GCC_NO_COMMON_BLOCKS = YES;
				GCC_WARN_64_TO_32_BIT_CONVERSION = YES;
				GCC_WARN_ABOUT_RETURN_TYPE = YES_ERROR;
				GCC_WARN_UNDECLARED_SELECTOR = YES;
				GCC_WARN_UNINITIALIZED_AUTOS = YES_AGGRESSIVE;
				GCC_WARN_UNUSED_FUNCTION = YES;
				GCC_WARN_UNUSED_VARIABLE = YES;
				IPHONEOS_DEPLOYMENT_TARGET = 17.0;
				LOCALIZATION_PREFERS_STRING_CATALOGS = YES;
				MTL_ENABLE_DEBUG_INFO = NO;
				MTL_FAST_MATH = YES;
				SDKROOT = iphoneos;
				SWIFT_COMPILATION_MODE = wholemodule;
				VALIDATE_PRODUCT = YES;
			};
			name = Release;
		};
		ADF264CE2ACF0169003B50F6 /* Debug */ = {
			isa = XCBuildConfiguration;
			buildSettings = {
				ASSETCATALOG_COMPILER_APPICON_NAME = AppIcon;
				ASSETCATALOG_COMPILER_GLOBAL_ACCENT_COLOR_NAME = AccentColor;
				CODE_SIGN_STYLE = Automatic;
				CURRENT_PROJECT_VERSION = 1;
				DEVELOPMENT_TEAM = CKY7SLNY4G;
				GENERATE_INFOPLIST_FILE = YES;
				INFOPLIST_FILE = WeatherApp/App/Info.plist;
				INFOPLIST_KEY_UIApplicationSupportsIndirectInputEvents = YES;
				INFOPLIST_KEY_UILaunchStoryboardName = LaunchScreen;
				INFOPLIST_KEY_UISupportedInterfaceOrientations_iPad = "UIInterfaceOrientationPortrait UIInterfaceOrientationPortraitUpsideDown UIInterfaceOrientationLandscapeLeft UIInterfaceOrientationLandscapeRight";
				INFOPLIST_KEY_UISupportedInterfaceOrientations_iPhone = "UIInterfaceOrientationPortrait UIInterfaceOrientationLandscapeLeft UIInterfaceOrientationLandscapeRight";
				IPHONEOS_DEPLOYMENT_TARGET = 15.5;
				LD_RUNPATH_SEARCH_PATHS = (
					"$(inherited)",
					"@executable_path/Frameworks",
				);
				MARKETING_VERSION = 1.0;
				PRODUCT_BUNDLE_IDENTIFIER = lantsov.WeatherApp;
				PRODUCT_NAME = "$(TARGET_NAME)";
				SUPPORTED_PLATFORMS = "iphoneos iphonesimulator";
				SUPPORTS_MACCATALYST = NO;
				SUPPORTS_MAC_DESIGNED_FOR_IPHONE_IPAD = NO;
				SWIFT_EMIT_LOC_STRINGS = YES;
				SWIFT_VERSION = 5.0;
				TARGETED_DEVICE_FAMILY = "1,2";
			};
			name = Debug;
		};
		ADF264CF2ACF0169003B50F6 /* Release */ = {
			isa = XCBuildConfiguration;
			buildSettings = {
				ASSETCATALOG_COMPILER_APPICON_NAME = AppIcon;
				ASSETCATALOG_COMPILER_GLOBAL_ACCENT_COLOR_NAME = AccentColor;
				CODE_SIGN_STYLE = Automatic;
				CURRENT_PROJECT_VERSION = 1;
				DEVELOPMENT_TEAM = CKY7SLNY4G;
				GENERATE_INFOPLIST_FILE = YES;
				INFOPLIST_FILE = WeatherApp/App/Info.plist;
				INFOPLIST_KEY_UIApplicationSupportsIndirectInputEvents = YES;
				INFOPLIST_KEY_UILaunchStoryboardName = LaunchScreen;
				INFOPLIST_KEY_UISupportedInterfaceOrientations_iPad = "UIInterfaceOrientationPortrait UIInterfaceOrientationPortraitUpsideDown UIInterfaceOrientationLandscapeLeft UIInterfaceOrientationLandscapeRight";
				INFOPLIST_KEY_UISupportedInterfaceOrientations_iPhone = "UIInterfaceOrientationPortrait UIInterfaceOrientationLandscapeLeft UIInterfaceOrientationLandscapeRight";
				IPHONEOS_DEPLOYMENT_TARGET = 15.5;
				LD_RUNPATH_SEARCH_PATHS = (
					"$(inherited)",
					"@executable_path/Frameworks",
				);
				MARKETING_VERSION = 1.0;
				PRODUCT_BUNDLE_IDENTIFIER = lantsov.WeatherApp;
				PRODUCT_NAME = "$(TARGET_NAME)";
				SUPPORTED_PLATFORMS = "iphoneos iphonesimulator";
				SUPPORTS_MACCATALYST = NO;
				SUPPORTS_MAC_DESIGNED_FOR_IPHONE_IPAD = NO;
				SWIFT_EMIT_LOC_STRINGS = YES;
				SWIFT_VERSION = 5.0;
				TARGETED_DEVICE_FAMILY = "1,2";
			};
			name = Release;
		};
/* End XCBuildConfiguration section */

/* Begin XCConfigurationList section */
		ADF264B42ACF0168003B50F6 /* Build configuration list for PBXProject "WeatherApp" */ = {
			isa = XCConfigurationList;
			buildConfigurations = (
				ADF264CB2ACF0169003B50F6 /* Debug */,
				ADF264CC2ACF0169003B50F6 /* Release */,
			);
			defaultConfigurationIsVisible = 0;
			defaultConfigurationName = Release;
		};
		ADF264CD2ACF0169003B50F6 /* Build configuration list for PBXNativeTarget "WeatherApp" */ = {
			isa = XCConfigurationList;
			buildConfigurations = (
				ADF264CE2ACF0169003B50F6 /* Debug */,
				ADF264CF2ACF0169003B50F6 /* Release */,
			);
			defaultConfigurationIsVisible = 0;
			defaultConfigurationName = Release;
		};
/* End XCConfigurationList section */
	};
	rootObject = ADF264B12ACF0168003B50F6 /* Project object */;
}
